
Microsoft Visual Studio Solution File, Format Version 12.00
# Visual Studio Version 16
VisualStudioVersion = 16.0.33130.400
MinimumVisualStudioVersion = 10.0.40219.1
Project("{FAE04EC0-301F-11D3-BF4B-00C04F79EFBC}") = "Deeps.BookStore", "Deeps.BookStore\Deeps.BookStore.csproj", "{C1126DBF-FB39-4F48-85A0-3375D36C0533}"
EndProject
Global
	GlobalSection(SolutionConfigurationPlatforms) = preSolution
		Debug|Any CPU = Debug|Any CPU
		Release|Any CPU = Release|Any CPU
	EndGlobalSection
	GlobalSection(ProjectConfigurationPlatforms) = postSolution
		{C1126DBF-FB39-4F48-85A0-3375D36C0533}.Debug|Any CPU.ActiveCfg = Debug|Any CPU
		{C1126DBF-FB39-4F48-85A0-3375D36C0533}.Debug|Any CPU.Build.0 = Debug|Any CPU
		{C1126DBF-FB39-4F48-85A0-3375D36C0533}.Release|Any CPU.ActiveCfg = Release|Any CPU
		{C1126DBF-FB39-4F48-85A0-3375D36C0533}.Release|Any CPU.Build.0 = Release|Any CPU
	EndGlobalSection
	GlobalSection(SolutionProperties) = preSolution
		HideSolutionNode = FALSE
	EndGlobalSection
	GlobalSection(ExtensibilityGlobals) = postSolution
		SolutionGuid = {849F4A9C-CA40-4712-B8B5-AA53C46C4815}
	EndGlobalSection
EndGlobal
